
Microsoft Visual Studio Solution File, Format Version 12.00
# Visual Studio Version 16
VisualStudioVersion = 16.0.30804.86
MinimumVisualStudioVersion = 10.0.40219.1
Project("{FAE04EC0-301F-11D3-BF4B-00C04F79EFBC}") = "HalalCertificationServices", "HalalCertificationServices\HalalCertificationServices.csproj", "{BF03EDBA-2343-4D23-88C8-2C65F1E2FFB4}"
EndProject
Global
	GlobalSection(SolutionConfigurationPlatforms) = preSolution
		Debug|Any CPU = Debug|Any CPU
		Release|Any CPU = Release|Any CPU
	EndGlobalSection
	GlobalSection(ProjectConfigurationPlatforms) = postSolution
		{BF03EDBA-2343-4D23-88C8-2C65F1E2FFB4}.Debug|Any CPU.ActiveCfg = Debug|Any CPU
		{BF03EDBA-2343-4D23-88C8-2C65F1E2FFB4}.Debug|Any CPU.Build.0 = Debug|Any CPU
		{BF03EDBA-2343-4D23-88C8-2C65F1E2FFB4}.Release|Any CPU.ActiveCfg = Release|Any CPU
		{BF03EDBA-2343-4D23-88C8-2C65F1E2FFB4}.Release|Any CPU.Build.0 = Release|Any CPU
	EndGlobalSection
	GlobalSection(SolutionProperties) = preSolution
		HideSolutionNode = FALSE
	EndGlobalSection
	GlobalSection(ExtensibilityGlobals) = postSolution
		SolutionGuid = {303B69ED-3022-4A15-84C3-77104B74413D}
	EndGlobalSection
EndGlobal
